Microsoft Visual Studio Solution File, Format Version 12.00
# Visual Studio Version 18
VisualStudioVersion = 18.3.11408.92 d18.3
MinimumVisualStudioVersion = 10.0.40219.1
Project("{8BC9CEB8-8B4A-11D0-8D11-00A0C91BC942}") = "DawnOfWarMemoryPoolDLL", "MemoryPoolDLL\MemoryPoolDLL.vcxproj", "{ADE1A11A-02DD-4F79-8971-0F60FB1371A7}"
	ProjectSection(ProjectDependencies) = postProject
		{B2C3D4E5-F6A7-8901-BCDE-234567890ABC} = {B2C3D4E5-F6A7-8901-BCDE-234567890ABC}
	EndProjectSection
EndProject
Project("{8BC9CEB8-8B4A-11D0-8D11-00A0C91BC942}") = "DawnOfWarSoulstormPatcher", "Redone\Redone.vcxproj", "{4D008A5A-E8D1-4490-83A0-77042B781159}"
EndProject
Project("{8BC9CEB8-8B4A-11D0-8D11-00A0C91BC942}") = "DawnOfWarLoggerDLL", "MasterLoggerDLL\MasterLogger.vcxproj", "{B2C3D4E5-F6A7-8901-BCDE-234567890ABC}"
EndProject
Global
	GlobalSection(SolutionConfigurationPlatforms) = preSolution
		Debug|Win32 = Debug|Win32
		Debug|x64 = Debug|x64
		Release|Win32 = Release|Win32
		Release|x64 = Release|x64
	EndGlobalSection
	GlobalSection(ProjectConfigurationPlatforms) = postSolution
		{ADE1A11A-02DD-4F79-8971-0F60FB1371A7}.Debug|Win32.ActiveCfg = Debug|Win32
		{ADE1A11A-02DD-4F79-8971-0F60FB1371A7}.Debug|Win32.Build.0 = Debug|Win32
		{ADE1A11A-02DD-4F79-8971-0F60FB1371A7}.Debug|x64.ActiveCfg = Debug|x64
		{ADE1A11A-02DD-4F79-8971-0F60FB1371A7}.Debug|x64.Build.0 = Debug|x64
		{ADE1A11A-02DD-4F79-8971-0F60FB1371A7}.Release|Win32.ActiveCfg = Release|Win32
		{ADE1A11A-02DD-4F79-8971-0F60FB1371A7}.Release|Win32.Build.0 = Release|Win32
		{ADE1A11A-02DD-4F79-8971-0F60FB1371A7}.Release|x64.ActiveCfg = Release|x64
		{ADE1A11A-02DD-4F79-8971-0F60FB1371A7}.Release|x64.Build.0 = Release|x64
		{4D008A5A-E8D1-4490-83A0-77042B781159}.Debug|Win32.ActiveCfg = Debug|Win32
		{4D008A5A-E8D1-4490-83A0-77042B781159}.Debug|Win32.Build.0 = Debug|Win32
		{4D008A5A-E8D1-4490-83A0-77042B781159}.Debug|x64.ActiveCfg = Debug|x64
		{4D008A5A-E8D1-4490-83A0-77042B781159}.Debug|x64.Build.0 = Debug|x64
		{4D008A5A-E8D1-4490-83A0-77042B781159}.Release|Win32.ActiveCfg = Release|Win32
		{4D008A5A-E8D1-4490-83A0-77042B781159}.Release|Win32.Build.0 = Release|Win32
		{4D008A5A-E8D1-4490-83A0-77042B781159}.Release|x64.ActiveCfg = Release|x64
		{4D008A5A-E8D1-4490-83A0-77042B781159}.Release|x64.Build.0 = Release|x64
		{B2C3D4E5-F6A7-8901-BCDE-234567890ABC}.Debug|Win32.ActiveCfg = Debug|Win32
		{B2C3D4E5-F6A7-8901-BCDE-234567890ABC}.Debug|Win32.Build.0 = Debug|Win32
		{B2C3D4E5-F6A7-8901-BCDE-234567890ABC}.Debug|x64.ActiveCfg = Debug|x64
		{B2C3D4E5-F6A7-8901-BCDE-234567890ABC}.Debug|x64.Build.0 = Debug|x64
		{B2C3D4E5-F6A7-8901-BCDE-234567890ABC}.Release|Win32.ActiveCfg = Release|Win32
		{B2C3D4E5-F6A7-8901-BCDE-234567890ABC}.Release|Win32.Build.0 = Release|Win32
		{B2C3D4E5-F6A7-8901-BCDE-234567890ABC}.Release|x64.ActiveCfg = Release|x64
		{B2C3D4E5-F6A7-8901-BCDE-234567890ABC}.Release|x64.Build.0 = Release|x64
	EndGlobalSection
	GlobalSection(SolutionProperties) = preSolution
		HideSolutionNode = FALSE
	EndGlobalSection
	GlobalSection(ExtensibilityGlobals) = postSolution
		SolutionGuid = {A1B2C3D4-E5F6-7890-ABCD-EF1234567890}
	EndGlobalSection
EndGlobal
